
Microsoft Visual Studio Solution File, Format Version 12.00
# Visual Studio Version 16
VisualStudioVersion = 16.0.30711.63
MinimumVisualStudioVersion = 10.0.40219.1
Project("{9A19103F-16F7-4668-BE54-9A1E7A4F7556}") = "API", "API\API.csproj", "{02A6F6C8-3657-4B18-808A-32519BF8CB59}"
EndProject
Project("{FAE04EC0-301F-11D3-BF4B-00C04F79EFBC}") = "UnitTestProject", "UnitTestProject\UnitTestProject.csproj", "{D7086C21-653D-4F79-A7F4-C627B00DB991}"
EndProject
Global
	GlobalSection(SolutionConfigurationPlatforms) = preSolution
		Debug|Any CPU = Debug|Any CPU
		Release|Any CPU = Release|Any CPU
	EndGlobalSection
	GlobalSection(ProjectConfigurationPlatforms) = postSolution
		{02A6F6C8-3657-4B18-808A-32519BF8CB59}.Debug|Any CPU.ActiveCfg = Debug|Any CPU
		{02A6F6C8-3657-4B18-808A-32519BF8CB59}.Debug|Any CPU.Build.0 = Debug|Any CPU
		{02A6F6C8-3657-4B18-808A-32519BF8CB59}.Release|Any CPU.ActiveCfg = Release|Any CPU
		{02A6F6C8-3657-4B18-808A-32519BF8CB59}.Release|Any CPU.Build.0 = Release|Any CPU
		{D7086C21-653D-4F79-A7F4-C627B00DB991}.Debug|Any CPU.ActiveCfg = Debug|Any CPU
		{D7086C21-653D-4F79-A7F4-C627B00DB991}.Debug|Any CPU.Build.0 = Debug|Any CPU
		{D7086C21-653D-4F79-A7F4-C627B00DB991}.Release|Any CPU.ActiveCfg = Release|Any CPU
		{D7086C21-653D-4F79-A7F4-C627B00DB991}.Release|Any CPU.Build.0 = Release|Any CPU
	EndGlobalSection
	GlobalSection(SolutionProperties) = preSolution
		HideSolutionNode = FALSE
	EndGlobalSection
	GlobalSection(ExtensibilityGlobals) = postSolution
		SolutionGuid = {ABCD0548-CFFF-4449-8A81-C1A407F4112B}
	EndGlobalSection
EndGlobal
